
Microsoft Visual Studio Solution File, Format Version 12.00
# Visual Studio 2017
Project("{FAE04EC0-301F-11D3-BF4B-00C04F79EFBC}") = "Electry", "Electry.csproj", "{F348D75D-6346-3C3F-07BE-D8C444E96B01}"
EndProject
Project("{FAE04EC0-301F-11D3-BF4B-00C04F79EFBC}") = "Electry.Editor", "Electry.Editor.csproj", "{F6B7E388-F3DC-4A1C-18A0-9E360DAC18CE}"
EndProject
Global
	GlobalSection(SolutionConfigurationPlatforms) = preSolution
		Debug|Any CPU = Debug|Any CPU
		Release|Any CPU = Release|Any CPU
	EndGlobalSection
	GlobalSection(ProjectConfigurationPlatforms) = postSolution
		{F348D75D-6346-3C3F-07BE-D8C444E96B01}.Debug|Any CPU.ActiveCfg = Debug|Any CPU
		{F348D75D-6346-3C3F-07BE-D8C444E96B01}.Debug|Any CPU.Build.0 = Debug|Any CPU
		{F348D75D-6346-3C3F-07BE-D8C444E96B01}.Release|Any CPU.ActiveCfg = Release|Any CPU
		{F348D75D-6346-3C3F-07BE-D8C444E96B01}.Release|Any CPU.Build.0 = Release|Any CPU
		{F6B7E388-F3DC-4A1C-18A0-9E360DAC18CE}.Debug|Any CPU.ActiveCfg = Debug|Any CPU
		{F6B7E388-F3DC-4A1C-18A0-9E360DAC18CE}.Debug|Any CPU.Build.0 = Debug|Any CPU
		{F6B7E388-F3DC-4A1C-18A0-9E360DAC18CE}.Release|Any CPU.ActiveCfg = Release|Any CPU
		{F6B7E388-F3DC-4A1C-18A0-9E360DAC18CE}.Release|Any CPU.Build.0 = Release|Any CPU
	EndGlobalSection
	GlobalSection(SolutionProperties) = preSolution
		HideSolutionNode = FALSE
	EndGlobalSection
EndGlobal
